// !$*UTF8*$!
{
	archiveVersion = 1;
	classes = {
	};
	objectVersion = 50;
	objects = {

/* Begin PBXBuildFile section */
		AD0FC0F5248221AA00565E17 /* AppDelegate.swift in Sources */ = {isa = PBXBuildFile; fileRef = AD0FC0F4248221AA00565E17 /* AppDelegate.swift */; };
		AD0FC0F7248221AA00565E17 /* SceneDelegate.swift in Sources */ = {isa = PBXBuildFile; fileRef = AD0FC0F6248221AA00565E17 /* SceneDelegate.swift */; };
		AD0FC0F9248221AA00565E17 /* ContentView.swift in Sources */ = {isa = PBXBuildFile; fileRef = AD0FC0F8248221AA00565E17 /* ContentView.swift */; };
		AD0FC0FB248221AC00565E17 /* Assets.xcassets in Resources */ = {isa = PBXBuildFile; fileRef = AD0FC0FA248221AC00565E17 /* Assets.xcassets */; };
		AD0FC0FE248221AC00565E17 /* Preview Assets.xcassets in Resources */ = {isa = PBXBuildFile; fileRef = AD0FC0FD248221AC00565E17 /* Preview Assets.xcassets */; };
		AD0FC101248221AC00565E17 /* LaunchScreen.storyboard in Resources */ = {isa = PBXBuildFile; fileRef = AD0FC0FF248221AC00565E17 /* LaunchScreen.storyboard */; };
		AD0FC109248224FF00565E17 /* TopRow.swift in Sources */ = {isa = PBXBuildFile; fileRef = AD0FC108248224FF00565E17 /* TopRow.swift */; };
		AD0FC10B2482F66E00565E17 /* AlbumView.swift in Sources */ = {isa = PBXBuildFile; fileRef = AD0FC10A2482F66E00565E17 /* AlbumView.swift */; };
/* End PBXBuildFile section */

/* Begin PBXFileReference section */
		AD0FC0F1248221AA00565E17 /* MusicUI_Neumporphic_SwiftUI.app */ = {isa = PBXFileReference; explicitFileType = wrapper.application; includeInIndex = 0; path = MusicUI_Neumporphic_SwiftUI.app; sourceTree = BUILT_PRODUCTS_DIR; };
		AD0FC0F4248221AA00565E17 /* AppDelegate.swift */ = {isa = PBXFileReference; lastKnownFileType = sourcecode.swift; path = AppDelegate.swift; sourceTree = "<group>"; };
		AD0FC0F6248221AA00565E17 /* SceneDelegate.swift */ = {isa = PBXFileReference; lastKnownFileType = sourcecode.swift; path = SceneDelegate.swift; sourceTree = "<group>"; };
		AD0FC0F8248221AA00565E17 /* ContentView.swift */ = {isa = PBXFileReference; lastKnownFileType = sourcecode.swift; path = ContentView.swift; sourceTree = "<group>"; };
		AD0FC0FA248221AC00565E17 /* Assets.xcassets */ = {isa = PBXFileReference; lastKnownFileType = folder.assetcatalog; path = Assets.xcassets; sourceTree = "<group>"; };
		AD0FC0FD248221AC00565E17 /* Preview Assets.xcassets */ = {isa = PBXFileReference; lastKnownFileType = folder.assetcatalog; path = "Preview Assets.xcassets"; sourceTree = "<group>"; };
		AD0FC100248221AC00565E17 /* Base */ = {isa = PBXFileReference; lastKnownFileType = file.storyboard; name = Base; path = Base.lproj/LaunchScreen.storyboard; sourceTree = "<group>"; };
		AD0FC102248221AC00565E17 /* Info.plist */ = {isa = PBXFileReference; lastKnownFileType = text.plist.xml; path = Info.plist; sourceTree = "<group>"; };
		AD0FC108248224FF00565E17 /* TopRow.swift */ = {isa = PBXFileReference; lastKnownFileType = sourcecode.swift; path = TopRow.swift; sourceTree = "<group>"; };
		AD0FC10A2482F66E00565E17 /* AlbumView.swift */ = {isa = PBXFileReference; lastKnownFileType = sourcecode.swift; path = AlbumView.swift; sourceTree = "<group>"; };
/* End PBXFileReference section */

/* Begin PBXFrameworksBuildPhase section */
		AD0FC0EE248221AA00565E17 /* Frameworks */ = {
			isa = PBXFrameworksBuildPhase;
			buildActionMask = 2147483647;
			files = (
			);
			runOnlyForDeploymentPostprocessing = 0;
		};
/* End PBXFrameworksBuildPhase section */

/* Begin PBXGroup section */
		AD0FC0E8248221AA00565E17 = {
			isa = PBXGroup;
			children = (
				AD0FC0F3248221AA00565E17 /* MusicUI_Neumporphic_SwiftUI */,
				AD0FC0F2248221AA00565E17 /* Products */,
			);
			sourceTree = "<group>";
		};
		AD0FC0F2248221AA00565E17 /* Products */ = {
			isa = PBXGroup;
			children = (
				AD0FC0F1248221AA00565E17 /* MusicUI_Neumporphic_SwiftUI.app */,
			);
			name = Products;
			sourceTree = "<group>";
		};
		AD0FC0F3248221AA00565E17 /* MusicUI_Neumporphic_SwiftUI */ = {
			isa = PBXGroup;
			children = (
				AD0FC0F4248221AA00565E17 /* AppDelegate.swift */,
				AD0FC0F6248221AA00565E17 /* SceneDelegate.swift */,
				AD0FC0F8248221AA00565E17 /* ContentView.swift */,
				AD0FC0FA248221AC00565E17 /* Assets.xcassets */,
				AD0FC0FF248221AC00565E17 /* LaunchScreen.storyboard */,
				AD0FC102248221AC00565E17 /* Info.plist */,
				AD0FC0FC248221AC00565E17 /* Preview Content */,
				AD0FC108248224FF00565E17 /* TopRow.swift */,
				AD0FC10A2482F66E00565E17 /* AlbumView.swift */,
			);
			path = MusicUI_Neumporphic_SwiftUI;
			sourceTree = "<group>";
		};
		AD0FC0FC248221AC00565E17 /* Preview Content */ = {
			isa = PBXGroup;
			children = (
				AD0FC0FD248221AC00565E17 /* Preview Assets.xcassets */,
			);
			path = "Preview Content";
			sourceTree = "<group>";
		};
/* End PBXGroup section */

/* Begin PBXNativeTarget section */
		AD0FC0F0248221AA00565E17 /* MusicUI_Neumporphic_SwiftUI */ = {
			isa = PBXNativeTarget;
			buildConfigurationList = AD0FC105248221AC00565E17 /* Build configuration list for PBXNativeTarget "MusicUI_Neumporphic_SwiftUI" */;
			buildPhases = (
				AD0FC0ED248221AA00565E17 /* Sources */,
				AD0FC0EE248221AA00565E17 /* Frameworks */,
				AD0FC0EF248221AA00565E17 /* Resources */,
			);
			buildRules = (
			);
			dependencies = (
			);
			name = MusicUI_Neumporphic_SwiftUI;
			productName = MusicUI_Neumporphic_SwiftUI;
			productReference = AD0FC0F1248221AA00565E17 /* MusicUI_Neumporphic_SwiftUI.app */;
			productType = "com.apple.product-type.application";
		};
/* End PBXNativeTarget section */

/* Begin PBXProject section */
		AD0FC0E9248221AA00565E17 /* Project object */ = {
			isa = PBXProject;
			attributes = {
				LastSwiftUpdateCheck = 1150;
				LastUpgradeCheck = 1150;
				ORGANIZATIONNAME = BaraLabs;
				TargetAttributes = {
					AD0FC0F0248221AA00565E17 = {
						CreatedOnToolsVersion = 11.5;
					};
				};
			};
			buildConfigurationList = AD0FC0EC248221AA00565E17 /* Build configuration list for PBXProject "MusicUI_Neumporphic_SwiftUI" */;
			compatibilityVersion = "Xcode 9.3";
			developmentRegion = en;
			hasScannedForEncodings = 0;
			knownRegions = (
				en,
				Base,
			);
			mainGroup = AD0FC0E8248221AA00565E17;
			productRefGroup = AD0FC0F2248221AA00565E17 /* Products */;
			projectDirPath = "";
			projectRoot = "";
			targets = (
				AD0FC0F0248221AA00565E17 /* MusicUI_Neumporphic_SwiftUI */,
			);
		};
/* End PBXProject section */

/* Begin PBXResourcesBuildPhase section */
		AD0FC0EF248221AA00565E17 /* Resources */ = {
			isa = PBXResourcesBuildPhase;
			buildActionMask = 2147483647;
			files = (
				AD0FC101248221AC00565E17 /* LaunchScreen.storyboard in Resources */,
				AD0FC0FE248221AC00565E17 /* Preview Assets.xcassets in Resources */,
				AD0FC0FB248221AC00565E17 /* Assets.xcassets in Resources */,
			);
			runOnlyForDeploymentPostprocessing = 0;
		};
/* End PBXResourcesBuildPhase section */

/* Begin PBXSourcesBuildPhase section */
		AD0FC0ED248221AA00565E17 /* Sources */ = {
			isa = PBXSourcesBuildPhase;
			buildActionMask = 2147483647;
			files = (
				AD0FC0F5248221AA00565E17 /* AppDelegate.swift in Sources */,
				AD0FC0F7248221AA00565E17 /* SceneDelegate.swift in Sources */,
				AD0FC109248224FF00565E17 /* TopRow.swift in Sources */,
				AD0FC10B2482F66E00565E17 /* AlbumView.swift in Sources */,
				AD0FC0F9248221AA00565E17 /* ContentView.swift in Sources */,
			);
			runOnlyForDeploymentPostprocessing = 0;
		};
/* End PBXSourcesBuildPhase section */

/* Begin PBXVariantGroup section */
		AD0FC0FF248221AC00565E17 /* LaunchScreen.storyboard */ = {
			isa = PBXVariantGroup;
			children = (
				AD0FC100248221AC00565E17 /* Base */,
			);
			name = LaunchScreen.storyboard;
			sourceTree = "<group>";
		};
/* End PBXVariantGroup section */

/* Begin XCBuildConfiguration section */
		AD0FC103248221AC00565E17 /* Debug */ = {
			isa = XCBuildConfiguration;
			buildSettings = {
				ALWAYS_SEARCH_USER_PATHS = NO;
				CLANG_ANALYZER_NONNULL = YES;
				CLANG_ANALYZER_NUMBER_OBJECT_CONVERSION = YES_AGGRESSIVE;
				CLANG_CXX_LANGUAGE_STANDARD = "gnu++14";
				CLANG_CXX_LIBRARY = "libc++";
				CLANG_ENABLE_MODULES = YES;
				CLANG_ENABLE_OBJC_ARC = YES;
				CLANG_ENABLE_OBJC_WEAK = YES;
				CLANG_WARN_BLOCK_CAPTURE_AUTORELEASING = YES;
				CLANG_WARN_BOOL_CONVERSION = YES;
				CLANG_WARN_COMMA = YES;
				CLANG_WARN_CONSTANT_CONVERSION = YES;
				CLANG_WARN_DEPRECATED_OBJC_IMPLEMENTATIONS = YES;
				CLANG_WARN_DIRECT_OBJC_ISA_USAGE = YES_ERROR;
				CLANG_WARN_DOCUMENTATION_COMMENTS = YES;
				CLANG_WARN_EMPTY_BODY = YES;
				CLANG_WARN_ENUM_CONVERSION = YES;
				CLANG_WARN_INFINITE_RECURSION = YES;
				CLANG_WARN_INT_CONVERSION = YES;
				CLANG_WARN_NON_LITERAL_NULL_CONVERSION = YES;
				CLANG_WARN_OBJC_IMPLICIT_RETAIN_SELF = YES;
				CLANG_WARN_OBJC_LITERAL_CONVERSION = YES;
				CLANG_WARN_OBJC_ROOT_CLASS = YES_ERROR;
				CLANG_WARN_RANGE_LOOP_ANALYSIS = YES;
				CLANG_WARN_STRICT_PROTOTYPES = YES;
				CLANG_WARN_SUSPICIOUS_MOVE = YES;
				CLANG_WARN_UNGUARDED_AVAILABILITY = YES_AGGRESSIVE;
				CLANG_WARN_UNREACHABLE_CODE = YES;
				CLANG_WARN__DUPLICATE_METHOD_MATCH = YES;
				COPY_PHASE_STRIP = NO;
				DEBUG_INFORMATION_FORMAT = dwarf;
				ENABLE_STRICT_OBJC_MSGSEND = YES;
				ENABLE_TESTABILITY = YES;
				GCC_C_LANGUAGE_STANDARD = gnu11;
				GCC_DYNAMIC_NO_PIC = NO;
				GCC_NO_COMMON_BLOCKS = YES;
				GCC_OPTIMIZATION_LEVEL = 0;
				GCC_PREPROCESSOR_DEFINITIONS = (
					"DEBUG=1",
					"$(inherited)",
				);
				GCC_WARN_64_TO_32_BIT_CONVERSION = YES;
				GCC_WARN_ABOUT_RETURN_TYPE = YES_ERROR;
				GCC_WARN_UNDECLARED_SELECTOR = YES;
				GCC_WARN_UNINITIALIZED_AUTOS = YES_AGGRESSIVE;
				GCC_WARN_UNUSED_FUNCTION = YES;
				GCC_WARN_UNUSED_VARIABLE = YES;
				IPHONEOS_DEPLOYMENT_TARGET = 13.5;
				MTL_ENABLE_DEBUG_INFO = INCLUDE_SOURCE;
				MTL_FAST_MATH = YES;
				ONLY_ACTIVE_ARCH = YES;
				SDKROOT = iphoneos;
				SWIFT_ACTIVE_COMPILATION_CONDITIONS = DEBUG;
				SWIFT_OPTIMIZATION_LEVEL = "-Onone";
			};
			name = Debug;
		};
		AD0FC104248221AC00565E17 /* Release */ = {
			isa = XCBuildConfiguration;
			buildSettings = {
				ALWAYS_SEARCH_USER_PATHS = NO;
				CLANG_ANALYZER_NONNULL = YES;
				CLANG_ANALYZER_NUMBER_OBJECT_CONVERSION = YES_AGGRESSIVE;
				CLANG_CXX_LANGUAGE_STANDARD = "gnu++14";
				CLANG_CXX_LIBRARY = "libc++";
				CLANG_ENABLE_MODULES = YES;
				CLANG_ENABLE_OBJC_ARC = YES;
				CLANG_ENABLE_OBJC_WEAK = YES;
				CLANG_WARN_BLOCK_CAPTURE_AUTORELEASING = YES;
				CLANG_WARN_BOOL_CONVERSION = YES;
				CLANG_WARN_COMMA = YES;
				CLANG_WARN_CONSTANT_CONVERSION = YES;
				CLANG_WARN_DEPRECATED_OBJC_IMPLEMENTATIONS = YES;
				CLANG_WARN_DIRECT_OBJC_ISA_USAGE = YES_ERROR;
				CLANG_WARN_DOCUMENTATION_COMMENTS = YES;
				CLANG_WARN_EMPTY_BODY = YES;
				CLANG_WARN_ENUM_CONVERSION = YES;
				CLANG_WARN_INFINITE_RECURSION = YES;
				CLANG_WARN_INT_CONVERSION = YES;
				CLANG_WARN_NON_LITERAL_NULL_CONVERSION = YES;
				CLANG_WARN_OBJC_IMPLICIT_RETAIN_SELF = YES;
				CLANG_WARN_OBJC_LITERAL_CONVERSION = YES;
				CLANG_WARN_OBJC_ROOT_CLASS = YES_ERROR;
				CLANG_WARN_RANGE_LOOP_ANALYSIS = YES;
				CLANG_WARN_STRICT_PROTOTYPES = YES;
				CLANG_WARN_SUSPICIOUS_MOVE = YES;
				CLANG_WARN_UNGUARDED_AVAILABILITY = YES_AGGRESSIVE;
				CLANG_WARN_UNREACHABLE_CODE = YES;
				CLANG_WARN__DUPLICATE_METHOD_MATCH = YES;
				COPY_PHASE_STRIP = NO;
				DEBUG_INFORMATION_FORMAT = "dwarf-with-dsym";
				ENABLE_NS_ASSERTIONS = NO;
				ENABLE_STRICT_OBJC_MSGSEND = YES;
				GCC_C_LANGUAGE_STANDARD = gnu11;
				GCC_NO_COMMON_BLOCKS = YES;
				GCC_WARN_64_TO_32_BIT_CONVERSION = YES;
				GCC_WARN_ABOUT_RETURN_TYPE = YES_ERROR;
				GCC_WARN_UNDECLARED_SELECTOR = YES;
				GCC_WARN_UNINITIALIZED_AUTOS = YES_AGGRESSIVE;
				GCC_WARN_UNUSED_FUNCTION = YES;
				GCC_WARN_UNUSED_VARIABLE = YES;
				IPHONEOS_DEPLOYMENT_TARGET = 13.5;
				MTL_ENABLE_DEBUG_INFO = NO;
				MTL_FAST_MATH = YES;
				SDKROOT = iphoneos;
				SWIFT_COMPILATION_MODE = wholemodule;
				SWIFT_OPTIMIZATION_LEVEL = "-O";
				VALIDATE_PRODUCT = YES;
			};
			name = Release;
		};
		AD0FC106248221AC00565E17 /* Debug */ = {
			isa = XCBuildConfiguration;
			buildSettings = {
				ASSETCATALOG_COMPILER_APPICON_NAME = AppIcon;
				CODE_SIGN_STYLE = Automatic;
				DEVELOPMENT_ASSET_PATHS = "\"MusicUI_Neumporphic_SwiftUI/Preview Content\"";
				DEVELOPMENT_TEAM = CF655ESNGC;
				ENABLE_PREVIEWS = YES;
				INFOPLIST_FILE = MusicUI_Neumporphic_SwiftUI/Info.plist;
				LD_RUNPATH_SEARCH_PATHS = (
					"$(inherited)",
					"@executable_path/Frameworks",
				);
				PRODUCT_BUNDLE_IDENTIFIER = "com.baralabs.MusicUI-Neumporphic-SwiftUI";
				PRODUCT_NAME = "$(TARGET_NAME)";
				SWIFT_VERSION = 5.0;
				TARGETED_DEVICE_FAMILY = "1,2";
			};
			name = Debug;
		};
		AD0FC107248221AC00565E17 /* Release */ = {
			isa = XCBuildConfiguration;
			buildSettings = {
				ASSETCATALOG_COMPILER_APPICON_NAME = AppIcon;
				CODE_SIGN_STYLE = Automatic;
				DEVELOPMENT_ASSET_PATHS = "\"MusicUI_Neumporphic_SwiftUI/Preview Content\"";
				DEVELOPMENT_TEAM = CF655ESNGC;
				ENABLE_PREVIEWS = YES;
				INFOPLIST_FILE = MusicUI_Neumporphic_SwiftUI/Info.plist;
				LD_RUNPATH_SEARCH_PATHS = (
					"$(inherited)",
					"@executable_path/Frameworks",
				);
				PRODUCT_BUNDLE_IDENTIFIER = "com.baralabs.MusicUI-Neumporphic-SwiftUI";
				PRODUCT_NAME = "$(TARGET_NAME)";
				SWIFT_VERSION = 5.0;
				TARGETED_DEVICE_FAMILY = "1,2";
			};
			name = Release;
		};
/* End XCBuildConfiguration section */

/* Begin XCConfigurationList section */
		AD0FC0EC248221AA00565E17 /* Build configuration list for PBXProject "MusicUI_Neumporphic_SwiftUI" */ = {
			isa = XCConfigurationList;
			buildConfigurations = (
				AD0FC103248221AC00565E17 /* Debug */,
				AD0FC104248221AC00565E17 /* Release */,
			);
			defaultConfigurationIsVisible = 0;
			defaultConfigurationName = Release;
		};
		AD0FC105248221AC00565E17 /* Build configuration list for PBXNativeTarget "MusicUI_Neumporphic_SwiftUI" */ = {
			isa = XCConfigurationList;
			buildConfigurations = (
				AD0FC106248221AC00565E17 /* Debug */,
				AD0FC107248221AC00565E17 /* Release */,
			);
			defaultConfigurationIsVisible = 0;
			defaultConfigurationName = Release;
		};
/* End XCConfigurationList section */
	};
	rootObject = AD0FC0E9248221AA00565E17 /* Project object */;
}
